
Microsoft Visual Studio Solution File, Format Version 12.00
# Visual Studio Version 17
VisualStudioVersion = 17.2.32602.215
MinimumVisualStudioVersion = 10.0.40219.1
Project("{9A19103F-16F7-4668-BE54-9A1E7A4F7556}") = "Catalog.API", "Catalog.API\Catalog.API.csproj", "{0400CE68-EE4F-4F00-A02B-BF5B58407CA8}"
EndProject
Project("{E53339B2-1760-4266-BCC7-CA923CBCF16C}") = "docker-compose", "docker-compose.dcproj", "{2AF94857-EAB0-48F9-8BB3-03B8070057A0}"
EndProject
Project("{FAE04EC0-301F-11D3-BF4B-00C04F79EFBC}") = "Basket.API", "..\Basket.API\Basket.API.csproj", "{3C543465-A30D-4177-9316-F04D0A594C8C}"
EndProject
Global
	GlobalSection(SolutionConfigurationPlatforms) = preSolution
		Debug|Any CPU = Debug|Any CPU
		Release|Any CPU = Release|Any CPU
	EndGlobalSection
	GlobalSection(ProjectConfigurationPlatforms) = postSolution
		{0400CE68-EE4F-4F00-A02B-BF5B58407CA8}.Debug|Any CPU.ActiveCfg = Debug|Any CPU
		{0400CE68-EE4F-4F00-A02B-BF5B58407CA8}.Debug|Any CPU.Build.0 = Debug|Any CPU
		{0400CE68-EE4F-4F00-A02B-BF5B58407CA8}.Release|Any CPU.ActiveCfg = Release|Any CPU
		{0400CE68-EE4F-4F00-A02B-BF5B58407CA8}.Release|Any CPU.Build.0 = Release|Any CPU
		{2AF94857-EAB0-48F9-8BB3-03B8070057A0}.Debug|Any CPU.ActiveCfg = Debug|Any CPU
		{2AF94857-EAB0-48F9-8BB3-03B8070057A0}.Debug|Any CPU.Build.0 = Debug|Any CPU
		{2AF94857-EAB0-48F9-8BB3-03B8070057A0}.Release|Any CPU.ActiveCfg = Release|Any CPU
		{2AF94857-EAB0-48F9-8BB3-03B8070057A0}.Release|Any CPU.Build.0 = Release|Any CPU
		{3C543465-A30D-4177-9316-F04D0A594C8C}.Debug|Any CPU.ActiveCfg = Debug|Any CPU
		{3C543465-A30D-4177-9316-F04D0A594C8C}.Debug|Any CPU.Build.0 = Debug|Any CPU
		{3C543465-A30D-4177-9316-F04D0A594C8C}.Release|Any CPU.ActiveCfg = Release|Any CPU
		{3C543465-A30D-4177-9316-F04D0A594C8C}.Release|Any CPU.Build.0 = Release|Any CPU
	EndGlobalSection
	GlobalSection(SolutionProperties) = preSolution
		HideSolutionNode = FALSE
	EndGlobalSection
	GlobalSection(ExtensibilityGlobals) = postSolution
		SolutionGuid = {A8AA47E3-48EA-4323-922C-B4A59CD43C7B}
	EndGlobalSection
EndGlobal
